
Microsoft Visual Studio Solution File, Format Version 12.00
# Visual Studio Version 16
VisualStudioVersion = 16.0.30114.105
MinimumVisualStudioVersion = 10.0.40219.1
Project("{2150E333-8FDC-42A3-9474-1A3956D46DE8}") = "src", "src", "{C8666BEA-BEFF-4806-9E9C-84B041D95651}"
EndProject
Project("{2150E333-8FDC-42A3-9474-1A3956D46DE8}") = "Frameworks", "Frameworks", "{AB9FCAE4-372B-4B5B-A73A-B9633B138FFE}"
EndProject
Project("{FAE04EC0-301F-11D3-BF4B-00C04F79EFBC}") = "Framework.Commands", "src\Frameworks\Framework.Commands\Framework.Commands.csproj", "{C5261875-1BAD-4D4B-87C4-E2C688F903F2}"
EndProject
Project("{FAE04EC0-301F-11D3-BF4B-00C04F79EFBC}") = "Framework.EventBus", "src\Frameworks\Framework.EventBus\Framework.EventBus.csproj", "{C5C1DF0C-2472-4048-B22D-50B150AEB235}"
EndProject
Project("{FAE04EC0-301F-11D3-BF4B-00C04F79EFBC}") = "Framework.Common", "src\Frameworks\Framework.Common\Framework.Common.csproj", "{B36A1564-B790-4CC8-AC0E-21FFECDFEDAB}"
EndProject
Project("{FAE04EC0-301F-11D3-BF4B-00C04F79EFBC}") = "Framework.Context", "src\Frameworks\Framework.Context\Framework.Context.csproj", "{1ED8C2E3-F225-412A-9DDE-68F17A4BBD7E}"
EndProject
Project("{FAE04EC0-301F-11D3-BF4B-00C04F79EFBC}") = "Framework.Domain", "src\Frameworks\Framework.Domain\Framework.Domain.csproj", "{58C5C5A3-7E5F-42DE-8ED0-1331B06F58A6}"
EndProject
Project("{FAE04EC0-301F-11D3-BF4B-00C04F79EFBC}") = "Framework.Exception", "src\Frameworks\Framework.Exception\Framework.Exception.csproj", "{900DEF51-7556-43C4-BDDE-3E61C6E71E6E}"
EndProject
Project("{FAE04EC0-301F-11D3-BF4B-00C04F79EFBC}") = "Framework.Query", "src\Frameworks\Framework.Query\Framework.Query.csproj", "{4896792A-F0B9-4EC1-8F57-E7035805167A}"
EndProject
Project("{FAE04EC0-301F-11D3-BF4B-00C04F79EFBC}") = "Framework.UOW", "src\Frameworks\Framework.UOW\Framework.UOW.csproj", "{87438405-B8EA-45DA-BC6E-BF3A2F21B78B}"
EndProject
Project("{2150E333-8FDC-42A3-9474-1A3956D46DE8}") = "Presentation", "Presentation", "{149E2E09-DA1E-4F62-85EF-BA9FA3C5539C}"
EndProject
Project("{FAE04EC0-301F-11D3-BF4B-00C04F79EFBC}") = "WebApplication", "src\Presentation\WebApplication\WebApplication.csproj", "{EEC591F5-07E2-44D5-9895-412BDFAF0A0D}"
EndProject
Project("{2150E333-8FDC-42A3-9474-1A3956D46DE8}") = "UserManagement", "UserManagement", "{9FEB54B0-6E01-4E9C-8782-5177679F4034}"
EndProject
Project("{2150E333-8FDC-42A3-9474-1A3956D46DE8}") = "Domains", "Domains", "{1A225E60-31AD-429E-8590-161F012C1DBF}"
EndProject
Project("{2150E333-8FDC-42A3-9474-1A3956D46DE8}") = "Infrastructures", "Infrastructures", "{FAF49DB5-9993-4012-86AC-9C81FF68B889}"
EndProject
Project("{2150E333-8FDC-42A3-9474-1A3956D46DE8}") = "ServiceContract", "ServiceContract", "{8C0D4585-3856-4BD1-B1C6-021D742C4A0B}"
EndProject
Project("{FAE04EC0-301F-11D3-BF4B-00C04F79EFBC}") = "UserManagement.Domain", "src\UserManagement\Domains\UserManagement.Domain\UserManagement.Domain.csproj", "{778ABFBD-462D-4809-B280-2C505EA8D009}"
EndProject
Project("{FAE04EC0-301F-11D3-BF4B-00C04F79EFBC}") = "UserManagement.Configurations", "src\UserManagement\Infrastructures\UserManagement.Configurations\UserManagement.Configurations.csproj", "{309BEC71-F180-4AEC-AED4-DF833B88647B}"
EndProject
Project("{FAE04EC0-301F-11D3-BF4B-00C04F79EFBC}") = "UserManagement.Handlers", "src\UserManagement\Infrastructures\UserManagement.Handlers\UserManagement.Handlers.csproj", "{71533A09-670D-44C5-A4C3-1FE21F89B0BB}"
EndProject
Project("{FAE04EC0-301F-11D3-BF4B-00C04F79EFBC}") = "UserManagement.Persistence.EF", "src\UserManagement\Infrastructures\UserManagement.Persistence.EF\UserManagement.Persistence.EF.csproj", "{4C5B8FE5-68AE-42B3-82B7-81E29315B02E}"
EndProject
Project("{FAE04EC0-301F-11D3-BF4B-00C04F79EFBC}") = "UserManagement.Validations", "src\UserManagement\Infrastructures\UserManagement.Validations\UserManagement.Validations.csproj", "{B07F00B5-39E6-4BC8-BCCA-582F66361529}"
EndProject
Project("{FAE04EC0-301F-11D3-BF4B-00C04F79EFBC}") = "Service.Query", "src\UserManagement\ServiceContract\Service.Query\Service.Query.csproj", "{64A633A5-41F1-4857-BD09-96F73D9A6C09}"
EndProject
Project("{FAE04EC0-301F-11D3-BF4B-00C04F79EFBC}") = "Service.Query.Model", "src\UserManagement\ServiceContract\Service.Query.Model\Service.Query.Model.csproj", "{F7168B00-4D14-441C-9084-348125A955F4}"
EndProject
Project("{FAE04EC0-301F-11D3-BF4B-00C04F79EFBC}") = "UserManagement.Command.Handlers", "src\UserManagement\ServiceContract\UserManagement.Command.Handlers\UserManagement.Command.Handlers.csproj", "{9A43E74D-1928-4DF6-BFE4-A819E2199240}"
EndProject
Project("{FAE04EC0-301F-11D3-BF4B-00C04F79EFBC}") = "UserManagement.Commands", "src\UserManagement\ServiceContract\UserManagement.Commands\UserManagement.Commands.csproj", "{F2C75339-CE36-4EF5-B4D8-1D27DBEFC4CC}"
EndProject
Project("{2150E333-8FDC-42A3-9474-1A3956D46DE8}") = "EmailManagement", "EmailManagement", "{B8459D7C-44B0-4FBC-B849-F9C5B66B53A9}"
EndProject
Project("{FAE04EC0-301F-11D3-BF4B-00C04F79EFBC}") = "EmailManagement.SendMessage", "src\EmailManagement\EmailManagement.SendMessage\EmailManagement.SendMessage.csproj", "{1A6D088D-1A79-4B93-BDF3-A1DA511ADF85}"
EndProject
Project("{2150E333-8FDC-42A3-9474-1A3956D46DE8}") = "tests", "tests", "{4CD74E98-8A29-4C2B-8981-0702E9B3B3F7}"
EndProject
Project("{FAE04EC0-301F-11D3-BF4B-00C04F79EFBC}") = "Domain.Tests", "tests\Domain.Tests\Domain.Tests.csproj", "{DFDE3467-A8E3-41CB-A2B9-F22662AFB328}"
EndProject
Project("{FAE04EC0-301F-11D3-BF4B-00C04F79EFBC}") = "Application.Tests", "tests\Application.Tests\Application.Tests.csproj", "{F4D339EC-EF20-4FAD-8F5B-5B899956F9EB}"
EndProject
Project("{2150E333-8FDC-42A3-9474-1A3956D46DE8}") = "ScheduleManagement", "ScheduleManagement", "{5380CA24-B6A2-4543-8F37-0FFF9C28E652}"
EndProject
Project("{2150E333-8FDC-42A3-9474-1A3956D46DE8}") = "Domains", "Domains", "{FE9D738A-2AB8-4DD3-ADF3-4D8B3B0247BC}"
EndProject
Project("{2150E333-8FDC-42A3-9474-1A3956D46DE8}") = "Infrastructures", "Infrastructures", "{5124DE38-0CB5-4533-84B9-1B8A58A0FFA5}"
EndProject
Project("{2150E333-8FDC-42A3-9474-1A3956D46DE8}") = "ServiceContracts", "ServiceContracts", "{C9042D23-9994-41DE-9CFB-9F3428FEA30A}"
EndProject
Project("{FAE04EC0-301F-11D3-BF4B-00C04F79EFBC}") = "ScheduleManagement.Domain", "src\ScheduleManagement\Domains\ScheduleManagement.Domain\ScheduleManagement.Domain.csproj", "{75D74407-CC40-43B2-BD4A-5421DC40ED2B}"
EndProject
Project("{FAE04EC0-301F-11D3-BF4B-00C04F79EFBC}") = "ScheduleManagement.Persistence.EF", "src\ScheduleManagement\Infrastructures\ScheduleManagement.Persistence.EF\ScheduleManagement.Persistence.EF.csproj", "{7AA71EC4-D33F-44A0-9D17-9BDBB22B5628}"
EndProject
Project("{FAE04EC0-301F-11D3-BF4B-00C04F79EFBC}") = "ScheduleManagement.Handlers", "src\ScheduleManagement\Infrastructures\ScheduleManagement.Handlers\ScheduleManagement.Handlers.csproj", "{21A6DD0F-8208-47B3-AA0E-4359AFDEEA16}"
EndProject
Project("{FAE04EC0-301F-11D3-BF4B-00C04F79EFBC}") = "ScheduleManagement.Configurations", "src\ScheduleManagement\Infrastructures\ScheduleManagement.Configurations\ScheduleManagement.Configurations.csproj", "{D2298CD3-48C9-410D-ABAA-68A523669BE0}"
EndProject
Project("{FAE04EC0-301F-11D3-BF4B-00C04F79EFBC}") = "ScheduleManagement.Command.Handlers", "src\ScheduleManagement\ServiceContracts\ScheduleManagement.Command.Handlers\ScheduleManagement.Command.Handlers.csproj", "{425B8D58-E4BE-4D52-80FA-640CA37E4B99}"
EndProject
Project("{FAE04EC0-301F-11D3-BF4B-00C04F79EFBC}") = "ScheduleManagement.Commands", "src\ScheduleManagement\ServiceContracts\ScheduleManagement.Commands\ScheduleManagement.Commands.csproj", "{B628430F-79F4-44BA-A667-8532FCCF94FE}"
EndProject
Project("{FAE04EC0-301F-11D3-BF4B-00C04F79EFBC}") = "Framework.Controller", "src\Frameworks\Framework.Controller\Framework.Controller.csproj", "{DF3F0850-CF05-4D22-B442-DFCFCE81AD41}"
EndProject
Project("{FAE04EC0-301F-11D3-BF4B-00C04F79EFBC}") = "ScheduleManagement.Validations", "src\ScheduleManagement\Infrastructures\ScheduleManagement.Validations\ScheduleManagement.Validations.csproj", "{E643554A-B6D7-484B-B325-6B38E7A33919}"
EndProject
Project("{FAE04EC0-301F-11D3-BF4B-00C04F79EFBC}") = "ScheduleManagement.Query.Handlers", "src\ScheduleManagement\ServiceContracts\ScheduleManagement.Query.Handlers\ScheduleManagement.Query.Handlers.csproj", "{CB12572E-7C4F-418B-B8C9-AEC6810CA4C1}"
EndProject
Project("{FAE04EC0-301F-11D3-BF4B-00C04F79EFBC}") = "ScheduleManagement.Query.Commands", "src\ScheduleManagement\ServiceContracts\ScheduleManagement.Query.Commands\ScheduleManagement.Query.Commands.csproj", "{985E6867-2C22-48B1-90C7-54B67AEC6307}"
EndProject
Global
	GlobalSection(SolutionConfigurationPlatforms) = preSolution
		Debug|Any CPU = Debug|Any CPU
		Debug|x64 = Debug|x64
		Debug|x86 = Debug|x86
		Release|Any CPU = Release|Any CPU
		Release|x64 = Release|x64
		Release|x86 = Release|x86
	EndGlobalSection
	GlobalSection(SolutionProperties) = preSolution
		HideSolutionNode = FALSE
	EndGlobalSection
	GlobalSection(NestedProjects) = preSolution
		{AB9FCAE4-372B-4B5B-A73A-B9633B138FFE} = {C8666BEA-BEFF-4806-9E9C-84B041D95651}
		{C5261875-1BAD-4D4B-87C4-E2C688F903F2} = {AB9FCAE4-372B-4B5B-A73A-B9633B138FFE}
		{C5C1DF0C-2472-4048-B22D-50B150AEB235} = {AB9FCAE4-372B-4B5B-A73A-B9633B138FFE}
		{B36A1564-B790-4CC8-AC0E-21FFECDFEDAB} = {AB9FCAE4-372B-4B5B-A73A-B9633B138FFE}
		{1ED8C2E3-F225-412A-9DDE-68F17A4BBD7E} = {AB9FCAE4-372B-4B5B-A73A-B9633B138FFE}
		{58C5C5A3-7E5F-42DE-8ED0-1331B06F58A6} = {AB9FCAE4-372B-4B5B-A73A-B9633B138FFE}
		{900DEF51-7556-43C4-BDDE-3E61C6E71E6E} = {AB9FCAE4-372B-4B5B-A73A-B9633B138FFE}
		{4896792A-F0B9-4EC1-8F57-E7035805167A} = {AB9FCAE4-372B-4B5B-A73A-B9633B138FFE}
		{87438405-B8EA-45DA-BC6E-BF3A2F21B78B} = {AB9FCAE4-372B-4B5B-A73A-B9633B138FFE}
		{149E2E09-DA1E-4F62-85EF-BA9FA3C5539C} = {C8666BEA-BEFF-4806-9E9C-84B041D95651}
		{EEC591F5-07E2-44D5-9895-412BDFAF0A0D} = {149E2E09-DA1E-4F62-85EF-BA9FA3C5539C}
		{9FEB54B0-6E01-4E9C-8782-5177679F4034} = {C8666BEA-BEFF-4806-9E9C-84B041D95651}
		{1A225E60-31AD-429E-8590-161F012C1DBF} = {9FEB54B0-6E01-4E9C-8782-5177679F4034}
		{FAF49DB5-9993-4012-86AC-9C81FF68B889} = {9FEB54B0-6E01-4E9C-8782-5177679F4034}
		{8C0D4585-3856-4BD1-B1C6-021D742C4A0B} = {9FEB54B0-6E01-4E9C-8782-5177679F4034}
		{778ABFBD-462D-4809-B280-2C505EA8D009} = {1A225E60-31AD-429E-8590-161F012C1DBF}
		{309BEC71-F180-4AEC-AED4-DF833B88647B} = {FAF49DB5-9993-4012-86AC-9C81FF68B889}
		{71533A09-670D-44C5-A4C3-1FE21F89B0BB} = {FAF49DB5-9993-4012-86AC-9C81FF68B889}
		{4C5B8FE5-68AE-42B3-82B7-81E29315B02E} = {FAF49DB5-9993-4012-86AC-9C81FF68B889}
		{B07F00B5-39E6-4BC8-BCCA-582F66361529} = {FAF49DB5-9993-4012-86AC-9C81FF68B889}
		{64A633A5-41F1-4857-BD09-96F73D9A6C09} = {8C0D4585-3856-4BD1-B1C6-021D742C4A0B}
		{F7168B00-4D14-441C-9084-348125A955F4} = {8C0D4585-3856-4BD1-B1C6-021D742C4A0B}
		{9A43E74D-1928-4DF6-BFE4-A819E2199240} = {8C0D4585-3856-4BD1-B1C6-021D742C4A0B}
		{F2C75339-CE36-4EF5-B4D8-1D27DBEFC4CC} = {8C0D4585-3856-4BD1-B1C6-021D742C4A0B}
		{B8459D7C-44B0-4FBC-B849-F9C5B66B53A9} = {C8666BEA-BEFF-4806-9E9C-84B041D95651}
		{1A6D088D-1A79-4B93-BDF3-A1DA511ADF85} = {B8459D7C-44B0-4FBC-B849-F9C5B66B53A9}
		{DFDE3467-A8E3-41CB-A2B9-F22662AFB328} = {4CD74E98-8A29-4C2B-8981-0702E9B3B3F7}
		{F4D339EC-EF20-4FAD-8F5B-5B899956F9EB} = {4CD74E98-8A29-4C2B-8981-0702E9B3B3F7}
		{5380CA24-B6A2-4543-8F37-0FFF9C28E652} = {C8666BEA-BEFF-4806-9E9C-84B041D95651}
		{FE9D738A-2AB8-4DD3-ADF3-4D8B3B0247BC} = {5380CA24-B6A2-4543-8F37-0FFF9C28E652}
		{5124DE38-0CB5-4533-84B9-1B8A58A0FFA5} = {5380CA24-B6A2-4543-8F37-0FFF9C28E652}
		{C9042D23-9994-41DE-9CFB-9F3428FEA30A} = {5380CA24-B6A2-4543-8F37-0FFF9C28E652}
		{75D74407-CC40-43B2-BD4A-5421DC40ED2B} = {FE9D738A-2AB8-4DD3-ADF3-4D8B3B0247BC}
		{7AA71EC4-D33F-44A0-9D17-9BDBB22B5628} = {5124DE38-0CB5-4533-84B9-1B8A58A0FFA5}
		{21A6DD0F-8208-47B3-AA0E-4359AFDEEA16} = {5124DE38-0CB5-4533-84B9-1B8A58A0FFA5}
		{D2298CD3-48C9-410D-ABAA-68A523669BE0} = {5124DE38-0CB5-4533-84B9-1B8A58A0FFA5}
		{425B8D58-E4BE-4D52-80FA-640CA37E4B99} = {C9042D23-9994-41DE-9CFB-9F3428FEA30A}
		{B628430F-79F4-44BA-A667-8532FCCF94FE} = {C9042D23-9994-41DE-9CFB-9F3428FEA30A}
		{DF3F0850-CF05-4D22-B442-DFCFCE81AD41} = {AB9FCAE4-372B-4B5B-A73A-B9633B138FFE}
		{E643554A-B6D7-484B-B325-6B38E7A33919} = {5124DE38-0CB5-4533-84B9-1B8A58A0FFA5}
		{CB12572E-7C4F-418B-B8C9-AEC6810CA4C1} = {C9042D23-9994-41DE-9CFB-9F3428FEA30A}
		{985E6867-2C22-48B1-90C7-54B67AEC6307} = {C9042D23-9994-41DE-9CFB-9F3428FEA30A}
	EndGlobalSection
	GlobalSection(ProjectConfigurationPlatforms) = postSolution
		{C5261875-1BAD-4D4B-87C4-E2C688F903F2}.Debug|Any CPU.ActiveCfg = Debug|Any CPU
		{C5261875-1BAD-4D4B-87C4-E2C688F903F2}.Debug|Any CPU.Build.0 = Debug|Any CPU
		{C5261875-1BAD-4D4B-87C4-E2C688F903F2}.Debug|x64.ActiveCfg = Debug|Any CPU
		{C5261875-1BAD-4D4B-87C4-E2C688F903F2}.Debug|x64.Build.0 = Debug|Any CPU
		{C5261875-1BAD-4D4B-87C4-E2C688F903F2}.Debug|x86.ActiveCfg = Debug|Any CPU
		{C5261875-1BAD-4D4B-87C4-E2C688F903F2}.Debug|x86.Build.0 = Debug|Any CPU
		{C5261875-1BAD-4D4B-87C4-E2C688F903F2}.Release|Any CPU.ActiveCfg = Release|Any CPU
		{C5261875-1BAD-4D4B-87C4-E2C688F903F2}.Release|Any CPU.Build.0 = Release|Any CPU
		{C5261875-1BAD-4D4B-87C4-E2C688F903F2}.Release|x64.ActiveCfg = Release|Any CPU
		{C5261875-1BAD-4D4B-87C4-E2C688F903F2}.Release|x64.Build.0 = Release|Any CPU
		{C5261875-1BAD-4D4B-87C4-E2C688F903F2}.Release|x86.ActiveCfg = Release|Any CPU
		{C5261875-1BAD-4D4B-87C4-E2C688F903F2}.Release|x86.Build.0 = Release|Any CPU
		{C5C1DF0C-2472-4048-B22D-50B150AEB235}.Debug|Any CPU.ActiveCfg = Debug|Any CPU
		{C5C1DF0C-2472-4048-B22D-50B150AEB235}.Debug|Any CPU.Build.0 = Debug|Any CPU
		{C5C1DF0C-2472-4048-B22D-50B150AEB235}.Debug|x64.ActiveCfg = Debug|Any CPU
		{C5C1DF0C-2472-4048-B22D-50B150AEB235}.Debug|x64.Build.0 = Debug|Any CPU
		{C5C1DF0C-2472-4048-B22D-50B150AEB235}.Debug|x86.ActiveCfg = Debug|Any CPU
		{C5C1DF0C-2472-4048-B22D-50B150AEB235}.Debug|x86.Build.0 = Debug|Any CPU
		{C5C1DF0C-2472-4048-B22D-50B150AEB235}.Release|Any CPU.ActiveCfg = Release|Any CPU
		{C5C1DF0C-2472-4048-B22D-50B150AEB235}.Release|Any CPU.Build.0 = Release|Any CPU
		{C5C1DF0C-2472-4048-B22D-50B150AEB235}.Release|x64.ActiveCfg = Release|Any CPU
		{C5C1DF0C-2472-4048-B22D-50B150AEB235}.Release|x64.Build.0 = Release|Any CPU
		{C5C1DF0C-2472-4048-B22D-50B150AEB235}.Release|x86.ActiveCfg = Release|Any CPU
		{C5C1DF0C-2472-4048-B22D-50B150AEB235}.Release|x86.Build.0 = Release|Any CPU
		{B36A1564-B790-4CC8-AC0E-21FFECDFEDAB}.Debug|Any CPU.ActiveCfg = Debug|Any CPU
		{B36A1564-B790-4CC8-AC0E-21FFECDFEDAB}.Debug|Any CPU.Build.0 = Debug|Any CPU
		{B36A1564-B790-4CC8-AC0E-21FFECDFEDAB}.Debug|x64.ActiveCfg = Debug|Any CPU
		{B36A1564-B790-4CC8-AC0E-21FFECDFEDAB}.Debug|x64.Build.0 = Debug|Any CPU
		{B36A1564-B790-4CC8-AC0E-21FFECDFEDAB}.Debug|x86.ActiveCfg = Debug|Any CPU
		{B36A1564-B790-4CC8-AC0E-21FFECDFEDAB}.Debug|x86.Build.0 = Debug|Any CPU
		{B36A1564-B790-4CC8-AC0E-21FFECDFEDAB}.Release|Any CPU.ActiveCfg = Release|Any CPU
		{B36A1564-B790-4CC8-AC0E-21FFECDFEDAB}.Release|Any CPU.Build.0 = Release|Any CPU
		{B36A1564-B790-4CC8-AC0E-21FFECDFEDAB}.Release|x64.ActiveCfg = Release|Any CPU
		{B36A1564-B790-4CC8-AC0E-21FFECDFEDAB}.Release|x64.Build.0 = Release|Any CPU
		{B36A1564-B790-4CC8-AC0E-21FFECDFEDAB}.Release|x86.ActiveCfg = Release|Any CPU
		{B36A1564-B790-4CC8-AC0E-21FFECDFEDAB}.Release|x86.Build.0 = Release|Any CPU
		{1ED8C2E3-F225-412A-9DDE-68F17A4BBD7E}.Debug|Any CPU.ActiveCfg = Debug|Any CPU
		{1ED8C2E3-F225-412A-9DDE-68F17A4BBD7E}.Debug|Any CPU.Build.0 = Debug|Any CPU
		{1ED8C2E3-F225-412A-9DDE-68F17A4BBD7E}.Debug|x64.ActiveCfg = Debug|Any CPU
		{1ED8C2E3-F225-412A-9DDE-68F17A4BBD7E}.Debug|x64.Build.0 = Debug|Any CPU
		{1ED8C2E3-F225-412A-9DDE-68F17A4BBD7E}.Debug|x86.ActiveCfg = Debug|Any CPU
		{1ED8C2E3-F225-412A-9DDE-68F17A4BBD7E}.Debug|x86.Build.0 = Debug|Any CPU
		{1ED8C2E3-F225-412A-9DDE-68F17A4BBD7E}.Release|Any CPU.ActiveCfg = Release|Any CPU
		{1ED8C2E3-F225-412A-9DDE-68F17A4BBD7E}.Release|Any CPU.Build.0 = Release|Any CPU
		{1ED8C2E3-F225-412A-9DDE-68F17A4BBD7E}.Release|x64.ActiveCfg = Release|Any CPU
		{1ED8C2E3-F225-412A-9DDE-68F17A4BBD7E}.Release|x64.Build.0 = Release|Any CPU
		{1ED8C2E3-F225-412A-9DDE-68F17A4BBD7E}.Release|x86.ActiveCfg = Release|Any CPU
		{1ED8C2E3-F225-412A-9DDE-68F17A4BBD7E}.Release|x86.Build.0 = Release|Any CPU
		{58C5C5A3-7E5F-42DE-8ED0-1331B06F58A6}.Debug|Any CPU.ActiveCfg = Debug|Any CPU
		{58C5C5A3-7E5F-42DE-8ED0-1331B06F58A6}.Debug|Any CPU.Build.0 = Debug|Any CPU
		{58C5C5A3-7E5F-42DE-8ED0-1331B06F58A6}.Debug|x64.ActiveCfg = Debug|Any CPU
		{58C5C5A3-7E5F-42DE-8ED0-1331B06F58A6}.Debug|x64.Build.0 = Debug|Any CPU
		{58C5C5A3-7E5F-42DE-8ED0-1331B06F58A6}.Debug|x86.ActiveCfg = Debug|Any CPU
		{58C5C5A3-7E5F-42DE-8ED0-1331B06F58A6}.Debug|x86.Build.0 = Debug|Any CPU
		{58C5C5A3-7E5F-42DE-8ED0-1331B06F58A6}.Release|Any CPU.ActiveCfg = Release|Any CPU
		{58C5C5A3-7E5F-42DE-8ED0-1331B06F58A6}.Release|Any CPU.Build.0 = Release|Any CPU
		{58C5C5A3-7E5F-42DE-8ED0-1331B06F58A6}.Release|x64.ActiveCfg = Release|Any CPU
		{58C5C5A3-7E5F-42DE-8ED0-1331B06F58A6}.Release|x64.Build.0 = Release|Any CPU
		{58C5C5A3-7E5F-42DE-8ED0-1331B06F58A6}.Release|x86.ActiveCfg = Release|Any CPU
		{58C5C5A3-7E5F-42DE-8ED0-1331B06F58A6}.Release|x86.Build.0 = Release|Any CPU
		{900DEF51-7556-43C4-BDDE-3E61C6E71E6E}.Debug|Any CPU.ActiveCfg = Debug|Any CPU
		{900DEF51-7556-43C4-BDDE-3E61C6E71E6E}.Debug|Any CPU.Build.0 = Debug|Any CPU
		{900DEF51-7556-43C4-BDDE-3E61C6E71E6E}.Debug|x64.ActiveCfg = Debug|Any CPU
		{900DEF51-7556-43C4-BDDE-3E61C6E71E6E}.Debug|x64.Build.0 = Debug|Any CPU
		{900DEF51-7556-43C4-BDDE-3E61C6E71E6E}.Debug|x86.ActiveCfg = Debug|Any CPU
		{900DEF51-7556-43C4-BDDE-3E61C6E71E6E}.Debug|x86.Build.0 = Debug|Any CPU
		{900DEF51-7556-43C4-BDDE-3E61C6E71E6E}.Release|Any CPU.ActiveCfg = Release|Any CPU
		{900DEF51-7556-43C4-BDDE-3E61C6E71E6E}.Release|Any CPU.Build.0 = Release|Any CPU
		{900DEF51-7556-43C4-BDDE-3E61C6E71E6E}.Release|x64.ActiveCfg = Release|Any CPU
		{900DEF51-7556-43C4-BDDE-3E61C6E71E6E}.Release|x64.Build.0 = Release|Any CPU
		{900DEF51-7556-43C4-BDDE-3E61C6E71E6E}.Release|x86.ActiveCfg = Release|Any CPU
		{900DEF51-7556-43C4-BDDE-3E61C6E71E6E}.Release|x86.Build.0 = Release|Any CPU
		{4896792A-F0B9-4EC1-8F57-E7035805167A}.Debug|Any CPU.ActiveCfg = Debug|Any CPU
		{4896792A-F0B9-4EC1-8F57-E7035805167A}.Debug|Any CPU.Build.0 = Debug|Any CPU
		{4896792A-F0B9-4EC1-8F57-E7035805167A}.Debug|x64.ActiveCfg = Debug|Any CPU
		{4896792A-F0B9-4EC1-8F57-E7035805167A}.Debug|x64.Build.0 = Debug|Any CPU
		{4896792A-F0B9-4EC1-8F57-E7035805167A}.Debug|x86.ActiveCfg = Debug|Any CPU
		{4896792A-F0B9-4EC1-8F57-E7035805167A}.Debug|x86.Build.0 = Debug|Any CPU
		{4896792A-F0B9-4EC1-8F57-E7035805167A}.Release|Any CPU.ActiveCfg = Release|Any CPU
		{4896792A-F0B9-4EC1-8F57-E7035805167A}.Release|Any CPU.Build.0 = Release|Any CPU
		{4896792A-F0B9-4EC1-8F57-E7035805167A}.Release|x64.ActiveCfg = Release|Any CPU
		{4896792A-F0B9-4EC1-8F57-E7035805167A}.Release|x64.Build.0 = Release|Any CPU
		{4896792A-F0B9-4EC1-8F57-E7035805167A}.Release|x86.ActiveCfg = Release|Any CPU
		{4896792A-F0B9-4EC1-8F57-E7035805167A}.Release|x86.Build.0 = Release|Any CPU
		{87438405-B8EA-45DA-BC6E-BF3A2F21B78B}.Debug|Any CPU.ActiveCfg = Debug|Any CPU
		{87438405-B8EA-45DA-BC6E-BF3A2F21B78B}.Debug|Any CPU.Build.0 = Debug|Any CPU
		{87438405-B8EA-45DA-BC6E-BF3A2F21B78B}.Debug|x64.ActiveCfg = Debug|Any CPU
		{87438405-B8EA-45DA-BC6E-BF3A2F21B78B}.Debug|x64.Build.0 = Debug|Any CPU
		{87438405-B8EA-45DA-BC6E-BF3A2F21B78B}.Debug|x86.ActiveCfg = Debug|Any CPU
		{87438405-B8EA-45DA-BC6E-BF3A2F21B78B}.Debug|x86.Build.0 = Debug|Any CPU
		{87438405-B8EA-45DA-BC6E-BF3A2F21B78B}.Release|Any CPU.ActiveCfg = Release|Any CPU
		{87438405-B8EA-45DA-BC6E-BF3A2F21B78B}.Release|Any CPU.Build.0 = Release|Any CPU
		{87438405-B8EA-45DA-BC6E-BF3A2F21B78B}.Release|x64.ActiveCfg = Release|Any CPU
		{87438405-B8EA-45DA-BC6E-BF3A2F21B78B}.Release|x64.Build.0 = Release|Any CPU
		{87438405-B8EA-45DA-BC6E-BF3A2F21B78B}.Release|x86.ActiveCfg = Release|Any CPU
		{87438405-B8EA-45DA-BC6E-BF3A2F21B78B}.Release|x86.Build.0 = Release|Any CPU
		{EEC591F5-07E2-44D5-9895-412BDFAF0A0D}.Debug|Any CPU.ActiveCfg = Debug|Any CPU
		{EEC591F5-07E2-44D5-9895-412BDFAF0A0D}.Debug|Any CPU.Build.0 = Debug|Any CPU
		{EEC591F5-07E2-44D5-9895-412BDFAF0A0D}.Debug|x64.ActiveCfg = Debug|Any CPU
		{EEC591F5-07E2-44D5-9895-412BDFAF0A0D}.Debug|x64.Build.0 = Debug|Any CPU
		{EEC591F5-07E2-44D5-9895-412BDFAF0A0D}.Debug|x86.ActiveCfg = Debug|Any CPU
		{EEC591F5-07E2-44D5-9895-412BDFAF0A0D}.Debug|x86.Build.0 = Debug|Any CPU
		{EEC591F5-07E2-44D5-9895-412BDFAF0A0D}.Release|Any CPU.ActiveCfg = Release|Any CPU
		{EEC591F5-07E2-44D5-9895-412BDFAF0A0D}.Release|Any CPU.Build.0 = Release|Any CPU
		{EEC591F5-07E2-44D5-9895-412BDFAF0A0D}.Release|x64.ActiveCfg = Release|Any CPU
		{EEC591F5-07E2-44D5-9895-412BDFAF0A0D}.Release|x64.Build.0 = Release|Any CPU
		{EEC591F5-07E2-44D5-9895-412BDFAF0A0D}.Release|x86.ActiveCfg = Release|Any CPU
		{EEC591F5-07E2-44D5-9895-412BDFAF0A0D}.Release|x86.Build.0 = Release|Any CPU
		{778ABFBD-462D-4809-B280-2C505EA8D009}.Debug|Any CPU.ActiveCfg = Debug|Any CPU
		{778ABFBD-462D-4809-B280-2C505EA8D009}.Debug|Any CPU.Build.0 = Debug|Any CPU
		{778ABFBD-462D-4809-B280-2C505EA8D009}.Debug|x64.ActiveCfg = Debug|Any CPU
		{778ABFBD-462D-4809-B280-2C505EA8D009}.Debug|x64.Build.0 = Debug|Any CPU
		{778ABFBD-462D-4809-B280-2C505EA8D009}.Debug|x86.ActiveCfg = Debug|Any CPU
		{778ABFBD-462D-4809-B280-2C505EA8D009}.Debug|x86.Build.0 = Debug|Any CPU
		{778ABFBD-462D-4809-B280-2C505EA8D009}.Release|Any CPU.ActiveCfg = Release|Any CPU
		{778ABFBD-462D-4809-B280-2C505EA8D009}.Release|Any CPU.Build.0 = Release|Any CPU
		{778ABFBD-462D-4809-B280-2C505EA8D009}.Release|x64.ActiveCfg = Release|Any CPU
		{778ABFBD-462D-4809-B280-2C505EA8D009}.Release|x64.Build.0 = Release|Any CPU
		{778ABFBD-462D-4809-B280-2C505EA8D009}.Release|x86.ActiveCfg = Release|Any CPU
		{778ABFBD-462D-4809-B280-2C505EA8D009}.Release|x86.Build.0 = Release|Any CPU
		{309BEC71-F180-4AEC-AED4-DF833B88647B}.Debug|Any CPU.ActiveCfg = Debug|Any CPU
		{309BEC71-F180-4AEC-AED4-DF833B88647B}.Debug|Any CPU.Build.0 = Debug|Any CPU
		{309BEC71-F180-4AEC-AED4-DF833B88647B}.Debug|x64.ActiveCfg = Debug|Any CPU
		{309BEC71-F180-4AEC-AED4-DF833B88647B}.Debug|x64.Build.0 = Debug|Any CPU
		{309BEC71-F180-4AEC-AED4-DF833B88647B}.Debug|x86.ActiveCfg = Debug|Any CPU
		{309BEC71-F180-4AEC-AED4-DF833B88647B}.Debug|x86.Build.0 = Debug|Any CPU
		{309BEC71-F180-4AEC-AED4-DF833B88647B}.Release|Any CPU.ActiveCfg = Release|Any CPU
		{309BEC71-F180-4AEC-AED4-DF833B88647B}.Release|Any CPU.Build.0 = Release|Any CPU
		{309BEC71-F180-4AEC-AED4-DF833B88647B}.Release|x64.ActiveCfg = Release|Any CPU
		{309BEC71-F180-4AEC-AED4-DF833B88647B}.Release|x64.Build.0 = Release|Any CPU
		{309BEC71-F180-4AEC-AED4-DF833B88647B}.Release|x86.ActiveCfg = Release|Any CPU
		{309BEC71-F180-4AEC-AED4-DF833B88647B}.Release|x86.Build.0 = Release|Any CPU
		{71533A09-670D-44C5-A4C3-1FE21F89B0BB}.Debug|Any CPU.ActiveCfg = Debug|Any CPU
		{71533A09-670D-44C5-A4C3-1FE21F89B0BB}.Debug|Any CPU.Build.0 = Debug|Any CPU
		{71533A09-670D-44C5-A4C3-1FE21F89B0BB}.Debug|x64.ActiveCfg = Debug|Any CPU
		{71533A09-670D-44C5-A4C3-1FE21F89B0BB}.Debug|x64.Build.0 = Debug|Any CPU
		{71533A09-670D-44C5-A4C3-1FE21F89B0BB}.Debug|x86.ActiveCfg = Debug|Any CPU
		{71533A09-670D-44C5-A4C3-1FE21F89B0BB}.Debug|x86.Build.0 = Debug|Any CPU
		{71533A09-670D-44C5-A4C3-1FE21F89B0BB}.Release|Any CPU.ActiveCfg = Release|Any CPU
		{71533A09-670D-44C5-A4C3-1FE21F89B0BB}.Release|Any CPU.Build.0 = Release|Any CPU
		{71533A09-670D-44C5-A4C3-1FE21F89B0BB}.Release|x64.ActiveCfg = Release|Any CPU
		{71533A09-670D-44C5-A4C3-1FE21F89B0BB}.Release|x64.Build.0 = Release|Any CPU
		{71533A09-670D-44C5-A4C3-1FE21F89B0BB}.Release|x86.ActiveCfg = Release|Any CPU
		{71533A09-670D-44C5-A4C3-1FE21F89B0BB}.Release|x86.Build.0 = Release|Any CPU
		{4C5B8FE5-68AE-42B3-82B7-81E29315B02E}.Debug|Any CPU.ActiveCfg = Debug|Any CPU
		{4C5B8FE5-68AE-42B3-82B7-81E29315B02E}.Debug|Any CPU.Build.0 = Debug|Any CPU
		{4C5B8FE5-68AE-42B3-82B7-81E29315B02E}.Debug|x64.ActiveCfg = Debug|Any CPU
		{4C5B8FE5-68AE-42B3-82B7-81E29315B02E}.Debug|x64.Build.0 = Debug|Any CPU
		{4C5B8FE5-68AE-42B3-82B7-81E29315B02E}.Debug|x86.ActiveCfg = Debug|Any CPU
		{4C5B8FE5-68AE-42B3-82B7-81E29315B02E}.Debug|x86.Build.0 = Debug|Any CPU
		{4C5B8FE5-68AE-42B3-82B7-81E29315B02E}.Release|Any CPU.ActiveCfg = Release|Any CPU
		{4C5B8FE5-68AE-42B3-82B7-81E29315B02E}.Release|Any CPU.Build.0 = Release|Any CPU
		{4C5B8FE5-68AE-42B3-82B7-81E29315B02E}.Release|x64.ActiveCfg = Release|Any CPU
		{4C5B8FE5-68AE-42B3-82B7-81E29315B02E}.Release|x64.Build.0 = Release|Any CPU
		{4C5B8FE5-68AE-42B3-82B7-81E29315B02E}.Release|x86.ActiveCfg = Release|Any CPU
		{4C5B8FE5-68AE-42B3-82B7-81E29315B02E}.Release|x86.Build.0 = Release|Any CPU
		{B07F00B5-39E6-4BC8-BCCA-582F66361529}.Debug|Any CPU.ActiveCfg = Debug|Any CPU
		{B07F00B5-39E6-4BC8-BCCA-582F66361529}.Debug|Any CPU.Build.0 = Debug|Any CPU
		{B07F00B5-39E6-4BC8-BCCA-582F66361529}.Debug|x64.ActiveCfg = Debug|Any CPU
		{B07F00B5-39E6-4BC8-BCCA-582F66361529}.Debug|x64.Build.0 = Debug|Any CPU
		{B07F00B5-39E6-4BC8-BCCA-582F66361529}.Debug|x86.ActiveCfg = Debug|Any CPU
		{B07F00B5-39E6-4BC8-BCCA-582F66361529}.Debug|x86.Build.0 = Debug|Any CPU
		{B07F00B5-39E6-4BC8-BCCA-582F66361529}.Release|Any CPU.ActiveCfg = Release|Any CPU
		{B07F00B5-39E6-4BC8-BCCA-582F66361529}.Release|Any CPU.Build.0 = Release|Any CPU
		{B07F00B5-39E6-4BC8-BCCA-582F66361529}.Release|x64.ActiveCfg = Release|Any CPU
		{B07F00B5-39E6-4BC8-BCCA-582F66361529}.Release|x64.Build.0 = Release|Any CPU
		{B07F00B5-39E6-4BC8-BCCA-582F66361529}.Release|x86.ActiveCfg = Release|Any CPU
		{B07F00B5-39E6-4BC8-BCCA-582F66361529}.Release|x86.Build.0 = Release|Any CPU
		{64A633A5-41F1-4857-BD09-96F73D9A6C09}.Debug|Any CPU.ActiveCfg = Debug|Any CPU
		{64A633A5-41F1-4857-BD09-96F73D9A6C09}.Debug|Any CPU.Build.0 = Debug|Any CPU
		{64A633A5-41F1-4857-BD09-96F73D9A6C09}.Debug|x64.ActiveCfg = Debug|Any CPU
		{64A633A5-41F1-4857-BD09-96F73D9A6C09}.Debug|x64.Build.0 = Debug|Any CPU
		{64A633A5-41F1-4857-BD09-96F73D9A6C09}.Debug|x86.ActiveCfg = Debug|Any CPU
		{64A633A5-41F1-4857-BD09-96F73D9A6C09}.Debug|x86.Build.0 = Debug|Any CPU
		{64A633A5-41F1-4857-BD09-96F73D9A6C09}.Release|Any CPU.ActiveCfg = Release|Any CPU
		{64A633A5-41F1-4857-BD09-96F73D9A6C09}.Release|Any CPU.Build.0 = Release|Any CPU
		{64A633A5-41F1-4857-BD09-96F73D9A6C09}.Release|x64.ActiveCfg = Release|Any CPU
		{64A633A5-41F1-4857-BD09-96F73D9A6C09}.Release|x64.Build.0 = Release|Any CPU
		{64A633A5-41F1-4857-BD09-96F73D9A6C09}.Release|x86.ActiveCfg = Release|Any CPU
		{64A633A5-41F1-4857-BD09-96F73D9A6C09}.Release|x86.Build.0 = Release|Any CPU
		{F7168B00-4D14-441C-9084-348125A955F4}.Debug|Any CPU.ActiveCfg = Debug|Any CPU
		{F7168B00-4D14-441C-9084-348125A955F4}.Debug|Any CPU.Build.0 = Debug|Any CPU
		{F7168B00-4D14-441C-9084-348125A955F4}.Debug|x64.ActiveCfg = Debug|Any CPU
		{F7168B00-4D14-441C-9084-348125A955F4}.Debug|x64.Build.0 = Debug|Any CPU
		{F7168B00-4D14-441C-9084-348125A955F4}.Debug|x86.ActiveCfg = Debug|Any CPU
		{F7168B00-4D14-441C-9084-348125A955F4}.Debug|x86.Build.0 = Debug|Any CPU
		{F7168B00-4D14-441C-9084-348125A955F4}.Release|Any CPU.ActiveCfg = Release|Any CPU
		{F7168B00-4D14-441C-9084-348125A955F4}.Release|Any CPU.Build.0 = Release|Any CPU
		{F7168B00-4D14-441C-9084-348125A955F4}.Release|x64.ActiveCfg = Release|Any CPU
		{F7168B00-4D14-441C-9084-348125A955F4}.Release|x64.Build.0 = Release|Any CPU
		{F7168B00-4D14-441C-9084-348125A955F4}.Release|x86.ActiveCfg = Release|Any CPU
		{F7168B00-4D14-441C-9084-348125A955F4}.Release|x86.Build.0 = Release|Any CPU
		{9A43E74D-1928-4DF6-BFE4-A819E2199240}.Debug|Any CPU.ActiveCfg = Debug|Any CPU
		{9A43E74D-1928-4DF6-BFE4-A819E2199240}.Debug|Any CPU.Build.0 = Debug|Any CPU
		{9A43E74D-1928-4DF6-BFE4-A819E2199240}.Debug|x64.ActiveCfg = Debug|Any CPU
		{9A43E74D-1928-4DF6-BFE4-A819E2199240}.Debug|x64.Build.0 = Debug|Any CPU
		{9A43E74D-1928-4DF6-BFE4-A819E2199240}.Debug|x86.ActiveCfg = Debug|Any CPU
		{9A43E74D-1928-4DF6-BFE4-A819E2199240}.Debug|x86.Build.0 = Debug|Any CPU
		{9A43E74D-1928-4DF6-BFE4-A819E2199240}.Release|Any CPU.ActiveCfg = Release|Any CPU
		{9A43E74D-1928-4DF6-BFE4-A819E2199240}.Release|Any CPU.Build.0 = Release|Any CPU
		{9A43E74D-1928-4DF6-BFE4-A819E2199240}.Release|x64.ActiveCfg = Release|Any CPU
		{9A43E74D-1928-4DF6-BFE4-A819E2199240}.Release|x64.Build.0 = Release|Any CPU
		{9A43E74D-1928-4DF6-BFE4-A819E2199240}.Release|x86.ActiveCfg = Release|Any CPU
		{9A43E74D-1928-4DF6-BFE4-A819E2199240}.Release|x86.Build.0 = Release|Any CPU
		{F2C75339-CE36-4EF5-B4D8-1D27DBEFC4CC}.Debug|Any CPU.ActiveCfg = Debug|Any CPU
		{F2C75339-CE36-4EF5-B4D8-1D27DBEFC4CC}.Debug|Any CPU.Build.0 = Debug|Any CPU
		{F2C75339-CE36-4EF5-B4D8-1D27DBEFC4CC}.Debug|x64.ActiveCfg = Debug|Any CPU
		{F2C75339-CE36-4EF5-B4D8-1D27DBEFC4CC}.Debug|x64.Build.0 = Debug|Any CPU
		{F2C75339-CE36-4EF5-B4D8-1D27DBEFC4CC}.Debug|x86.ActiveCfg = Debug|Any CPU
		{F2C75339-CE36-4EF5-B4D8-1D27DBEFC4CC}.Debug|x86.Build.0 = Debug|Any CPU
		{F2C75339-CE36-4EF5-B4D8-1D27DBEFC4CC}.Release|Any CPU.ActiveCfg = Release|Any CPU
		{F2C75339-CE36-4EF5-B4D8-1D27DBEFC4CC}.Release|Any CPU.Build.0 = Release|Any CPU
		{F2C75339-CE36-4EF5-B4D8-1D27DBEFC4CC}.Release|x64.ActiveCfg = Release|Any CPU
		{F2C75339-CE36-4EF5-B4D8-1D27DBEFC4CC}.Release|x64.Build.0 = Release|Any CPU
		{F2C75339-CE36-4EF5-B4D8-1D27DBEFC4CC}.Release|x86.ActiveCfg = Release|Any CPU
		{F2C75339-CE36-4EF5-B4D8-1D27DBEFC4CC}.Release|x86.Build.0 = Release|Any CPU
		{1A6D088D-1A79-4B93-BDF3-A1DA511ADF85}.Debug|Any CPU.ActiveCfg = Debug|Any CPU
		{1A6D088D-1A79-4B93-BDF3-A1DA511ADF85}.Debug|Any CPU.Build.0 = Debug|Any CPU
		{1A6D088D-1A79-4B93-BDF3-A1DA511ADF85}.Debug|x64.ActiveCfg = Debug|Any CPU
		{1A6D088D-1A79-4B93-BDF3-A1DA511ADF85}.Debug|x64.Build.0 = Debug|Any CPU
		{1A6D088D-1A79-4B93-BDF3-A1DA511ADF85}.Debug|x86.ActiveCfg = Debug|Any CPU
		{1A6D088D-1A79-4B93-BDF3-A1DA511ADF85}.Debug|x86.Build.0 = Debug|Any CPU
		{1A6D088D-1A79-4B93-BDF3-A1DA511ADF85}.Release|Any CPU.ActiveCfg = Release|Any CPU
		{1A6D088D-1A79-4B93-BDF3-A1DA511ADF85}.Release|Any CPU.Build.0 = Release|Any CPU
		{1A6D088D-1A79-4B93-BDF3-A1DA511ADF85}.Release|x64.ActiveCfg = Release|Any CPU
		{1A6D088D-1A79-4B93-BDF3-A1DA511ADF85}.Release|x64.Build.0 = Release|Any CPU
		{1A6D088D-1A79-4B93-BDF3-A1DA511ADF85}.Release|x86.ActiveCfg = Release|Any CPU
		{1A6D088D-1A79-4B93-BDF3-A1DA511ADF85}.Release|x86.Build.0 = Release|Any CPU
		{DFDE3467-A8E3-41CB-A2B9-F22662AFB328}.Debug|Any CPU.ActiveCfg = Debug|Any CPU
		{DFDE3467-A8E3-41CB-A2B9-F22662AFB328}.Debug|Any CPU.Build.0 = Debug|Any CPU
		{DFDE3467-A8E3-41CB-A2B9-F22662AFB328}.Debug|x64.ActiveCfg = Debug|Any CPU
		{DFDE3467-A8E3-41CB-A2B9-F22662AFB328}.Debug|x64.Build.0 = Debug|Any CPU
		{DFDE3467-A8E3-41CB-A2B9-F22662AFB328}.Debug|x86.ActiveCfg = Debug|Any CPU
		{DFDE3467-A8E3-41CB-A2B9-F22662AFB328}.Debug|x86.Build.0 = Debug|Any CPU
		{DFDE3467-A8E3-41CB-A2B9-F22662AFB328}.Release|Any CPU.ActiveCfg = Release|Any CPU
		{DFDE3467-A8E3-41CB-A2B9-F22662AFB328}.Release|Any CPU.Build.0 = Release|Any CPU
		{DFDE3467-A8E3-41CB-A2B9-F22662AFB328}.Release|x64.ActiveCfg = Release|Any CPU
		{DFDE3467-A8E3-41CB-A2B9-F22662AFB328}.Release|x64.Build.0 = Release|Any CPU
		{DFDE3467-A8E3-41CB-A2B9-F22662AFB328}.Release|x86.ActiveCfg = Release|Any CPU
		{DFDE3467-A8E3-41CB-A2B9-F22662AFB328}.Release|x86.Build.0 = Release|Any CPU
		{F4D339EC-EF20-4FAD-8F5B-5B899956F9EB}.Debug|Any CPU.ActiveCfg = Debug|Any CPU
		{F4D339EC-EF20-4FAD-8F5B-5B899956F9EB}.Debug|Any CPU.Build.0 = Debug|Any CPU
		{F4D339EC-EF20-4FAD-8F5B-5B899956F9EB}.Debug|x64.ActiveCfg = Debug|Any CPU
		{F4D339EC-EF20-4FAD-8F5B-5B899956F9EB}.Debug|x64.Build.0 = Debug|Any CPU
		{F4D339EC-EF20-4FAD-8F5B-5B899956F9EB}.Debug|x86.ActiveCfg = Debug|Any CPU
		{F4D339EC-EF20-4FAD-8F5B-5B899956F9EB}.Debug|x86.Build.0 = Debug|Any CPU
		{F4D339EC-EF20-4FAD-8F5B-5B899956F9EB}.Release|Any CPU.ActiveCfg = Release|Any CPU
		{F4D339EC-EF20-4FAD-8F5B-5B899956F9EB}.Release|Any CPU.Build.0 = Release|Any CPU
		{F4D339EC-EF20-4FAD-8F5B-5B899956F9EB}.Release|x64.ActiveCfg = Release|Any CPU
		{F4D339EC-EF20-4FAD-8F5B-5B899956F9EB}.Release|x64.Build.0 = Release|Any CPU
		{F4D339EC-EF20-4FAD-8F5B-5B899956F9EB}.Release|x86.ActiveCfg = Release|Any CPU
		{F4D339EC-EF20-4FAD-8F5B-5B899956F9EB}.Release|x86.Build.0 = Release|Any CPU
		{75D74407-CC40-43B2-BD4A-5421DC40ED2B}.Debug|Any CPU.ActiveCfg = Debug|Any CPU
		{75D74407-CC40-43B2-BD4A-5421DC40ED2B}.Debug|Any CPU.Build.0 = Debug|Any CPU
		{75D74407-CC40-43B2-BD4A-5421DC40ED2B}.Debug|x64.ActiveCfg = Debug|Any CPU
		{75D74407-CC40-43B2-BD4A-5421DC40ED2B}.Debug|x64.Build.0 = Debug|Any CPU
		{75D74407-CC40-43B2-BD4A-5421DC40ED2B}.Debug|x86.ActiveCfg = Debug|Any CPU
		{75D74407-CC40-43B2-BD4A-5421DC40ED2B}.Debug|x86.Build.0 = Debug|Any CPU
		{75D74407-CC40-43B2-BD4A-5421DC40ED2B}.Release|Any CPU.ActiveCfg = Release|Any CPU
		{75D74407-CC40-43B2-BD4A-5421DC40ED2B}.Release|Any CPU.Build.0 = Release|Any CPU
		{75D74407-CC40-43B2-BD4A-5421DC40ED2B}.Release|x64.ActiveCfg = Release|Any CPU
		{75D74407-CC40-43B2-BD4A-5421DC40ED2B}.Release|x64.Build.0 = Release|Any CPU
		{75D74407-CC40-43B2-BD4A-5421DC40ED2B}.Release|x86.ActiveCfg = Release|Any CPU
		{75D74407-CC40-43B2-BD4A-5421DC40ED2B}.Release|x86.Build.0 = Release|Any CPU
		{7AA71EC4-D33F-44A0-9D17-9BDBB22B5628}.Debug|Any CPU.ActiveCfg = Debug|Any CPU
		{7AA71EC4-D33F-44A0-9D17-9BDBB22B5628}.Debug|Any CPU.Build.0 = Debug|Any CPU
		{7AA71EC4-D33F-44A0-9D17-9BDBB22B5628}.Debug|x64.ActiveCfg = Debug|Any CPU
		{7AA71EC4-D33F-44A0-9D17-9BDBB22B5628}.Debug|x64.Build.0 = Debug|Any CPU
		{7AA71EC4-D33F-44A0-9D17-9BDBB22B5628}.Debug|x86.ActiveCfg = Debug|Any CPU
		{7AA71EC4-D33F-44A0-9D17-9BDBB22B5628}.Debug|x86.Build.0 = Debug|Any CPU
		{7AA71EC4-D33F-44A0-9D17-9BDBB22B5628}.Release|Any CPU.ActiveCfg = Release|Any CPU
		{7AA71EC4-D33F-44A0-9D17-9BDBB22B5628}.Release|Any CPU.Build.0 = Release|Any CPU
		{7AA71EC4-D33F-44A0-9D17-9BDBB22B5628}.Release|x64.ActiveCfg = Release|Any CPU
		{7AA71EC4-D33F-44A0-9D17-9BDBB22B5628}.Release|x64.Build.0 = Release|Any CPU
		{7AA71EC4-D33F-44A0-9D17-9BDBB22B5628}.Release|x86.ActiveCfg = Release|Any CPU
		{7AA71EC4-D33F-44A0-9D17-9BDBB22B5628}.Release|x86.Build.0 = Release|Any CPU
		{21A6DD0F-8208-47B3-AA0E-4359AFDEEA16}.Debug|Any CPU.ActiveCfg = Debug|Any CPU
		{21A6DD0F-8208-47B3-AA0E-4359AFDEEA16}.Debug|Any CPU.Build.0 = Debug|Any CPU
		{21A6DD0F-8208-47B3-AA0E-4359AFDEEA16}.Debug|x64.ActiveCfg = Debug|Any CPU
		{21A6DD0F-8208-47B3-AA0E-4359AFDEEA16}.Debug|x64.Build.0 = Debug|Any CPU
		{21A6DD0F-8208-47B3-AA0E-4359AFDEEA16}.Debug|x86.ActiveCfg = Debug|Any CPU
		{21A6DD0F-8208-47B3-AA0E-4359AFDEEA16}.Debug|x86.Build.0 = Debug|Any CPU
		{21A6DD0F-8208-47B3-AA0E-4359AFDEEA16}.Release|Any CPU.ActiveCfg = Release|Any CPU
		{21A6DD0F-8208-47B3-AA0E-4359AFDEEA16}.Release|Any CPU.Build.0 = Release|Any CPU
		{21A6DD0F-8208-47B3-AA0E-4359AFDEEA16}.Release|x64.ActiveCfg = Release|Any CPU
		{21A6DD0F-8208-47B3-AA0E-4359AFDEEA16}.Release|x64.Build.0 = Release|Any CPU
		{21A6DD0F-8208-47B3-AA0E-4359AFDEEA16}.Release|x86.ActiveCfg = Release|Any CPU
		{21A6DD0F-8208-47B3-AA0E-4359AFDEEA16}.Release|x86.Build.0 = Release|Any CPU
		{D2298CD3-48C9-410D-ABAA-68A523669BE0}.Debug|Any CPU.ActiveCfg = Debug|Any CPU
		{D2298CD3-48C9-410D-ABAA-68A523669BE0}.Debug|Any CPU.Build.0 = Debug|Any CPU
		{D2298CD3-48C9-410D-ABAA-68A523669BE0}.Debug|x64.ActiveCfg = Debug|Any CPU
		{D2298CD3-48C9-410D-ABAA-68A523669BE0}.Debug|x64.Build.0 = Debug|Any CPU
		{D2298CD3-48C9-410D-ABAA-68A523669BE0}.Debug|x86.ActiveCfg = Debug|Any CPU
		{D2298CD3-48C9-410D-ABAA-68A523669BE0}.Debug|x86.Build.0 = Debug|Any CPU
		{D2298CD3-48C9-410D-ABAA-68A523669BE0}.Release|Any CPU.ActiveCfg = Release|Any CPU
		{D2298CD3-48C9-410D-ABAA-68A523669BE0}.Release|Any CPU.Build.0 = Release|Any CPU
		{D2298CD3-48C9-410D-ABAA-68A523669BE0}.Release|x64.ActiveCfg = Release|Any CPU
		{D2298CD3-48C9-410D-ABAA-68A523669BE0}.Release|x64.Build.0 = Release|Any CPU
		{D2298CD3-48C9-410D-ABAA-68A523669BE0}.Release|x86.ActiveCfg = Release|Any CPU
		{D2298CD3-48C9-410D-ABAA-68A523669BE0}.Release|x86.Build.0 = Release|Any CPU
		{425B8D58-E4BE-4D52-80FA-640CA37E4B99}.Debug|Any CPU.ActiveCfg = Debug|Any CPU
		{425B8D58-E4BE-4D52-80FA-640CA37E4B99}.Debug|Any CPU.Build.0 = Debug|Any CPU
		{425B8D58-E4BE-4D52-80FA-640CA37E4B99}.Debug|x64.ActiveCfg = Debug|Any CPU
		{425B8D58-E4BE-4D52-80FA-640CA37E4B99}.Debug|x64.Build.0 = Debug|Any CPU
		{425B8D58-E4BE-4D52-80FA-640CA37E4B99}.Debug|x86.ActiveCfg = Debug|Any CPU
		{425B8D58-E4BE-4D52-80FA-640CA37E4B99}.Debug|x86.Build.0 = Debug|Any CPU
		{425B8D58-E4BE-4D52-80FA-640CA37E4B99}.Release|Any CPU.ActiveCfg = Release|Any CPU
		{425B8D58-E4BE-4D52-80FA-640CA37E4B99}.Release|Any CPU.Build.0 = Release|Any CPU
		{425B8D58-E4BE-4D52-80FA-640CA37E4B99}.Release|x64.ActiveCfg = Release|Any CPU
		{425B8D58-E4BE-4D52-80FA-640CA37E4B99}.Release|x64.Build.0 = Release|Any CPU
		{425B8D58-E4BE-4D52-80FA-640CA37E4B99}.Release|x86.ActiveCfg = Release|Any CPU
		{425B8D58-E4BE-4D52-80FA-640CA37E4B99}.Release|x86.Build.0 = Release|Any CPU
		{B628430F-79F4-44BA-A667-8532FCCF94FE}.Debug|Any CPU.ActiveCfg = Debug|Any CPU
		{B628430F-79F4-44BA-A667-8532FCCF94FE}.Debug|Any CPU.Build.0 = Debug|Any CPU
		{B628430F-79F4-44BA-A667-8532FCCF94FE}.Debug|x64.ActiveCfg = Debug|Any CPU
		{B628430F-79F4-44BA-A667-8532FCCF94FE}.Debug|x64.Build.0 = Debug|Any CPU
		{B628430F-79F4-44BA-A667-8532FCCF94FE}.Debug|x86.ActiveCfg = Debug|Any CPU
		{B628430F-79F4-44BA-A667-8532FCCF94FE}.Debug|x86.Build.0 = Debug|Any CPU
		{B628430F-79F4-44BA-A667-8532FCCF94FE}.Release|Any CPU.ActiveCfg = Release|Any CPU
		{B628430F-79F4-44BA-A667-8532FCCF94FE}.Release|Any CPU.Build.0 = Release|Any CPU
		{B628430F-79F4-44BA-A667-8532FCCF94FE}.Release|x64.ActiveCfg = Release|Any CPU
		{B628430F-79F4-44BA-A667-8532FCCF94FE}.Release|x64.Build.0 = Release|Any CPU
		{B628430F-79F4-44BA-A667-8532FCCF94FE}.Release|x86.ActiveCfg = Release|Any CPU
		{B628430F-79F4-44BA-A667-8532FCCF94FE}.Release|x86.Build.0 = Release|Any CPU
		{DF3F0850-CF05-4D22-B442-DFCFCE81AD41}.Debug|Any CPU.ActiveCfg = Debug|Any CPU
		{DF3F0850-CF05-4D22-B442-DFCFCE81AD41}.Debug|Any CPU.Build.0 = Debug|Any CPU
		{DF3F0850-CF05-4D22-B442-DFCFCE81AD41}.Debug|x64.ActiveCfg = Debug|Any CPU
		{DF3F0850-CF05-4D22-B442-DFCFCE81AD41}.Debug|x64.Build.0 = Debug|Any CPU
		{DF3F0850-CF05-4D22-B442-DFCFCE81AD41}.Debug|x86.ActiveCfg = Debug|Any CPU
		{DF3F0850-CF05-4D22-B442-DFCFCE81AD41}.Debug|x86.Build.0 = Debug|Any CPU
		{DF3F0850-CF05-4D22-B442-DFCFCE81AD41}.Release|Any CPU.ActiveCfg = Release|Any CPU
		{DF3F0850-CF05-4D22-B442-DFCFCE81AD41}.Release|Any CPU.Build.0 = Release|Any CPU
		{DF3F0850-CF05-4D22-B442-DFCFCE81AD41}.Release|x64.ActiveCfg = Release|Any CPU
		{DF3F0850-CF05-4D22-B442-DFCFCE81AD41}.Release|x64.Build.0 = Release|Any CPU
		{DF3F0850-CF05-4D22-B442-DFCFCE81AD41}.Release|x86.ActiveCfg = Release|Any CPU
		{DF3F0850-CF05-4D22-B442-DFCFCE81AD41}.Release|x86.Build.0 = Release|Any CPU
		{E643554A-B6D7-484B-B325-6B38E7A33919}.Debug|Any CPU.ActiveCfg = Debug|Any CPU
		{E643554A-B6D7-484B-B325-6B38E7A33919}.Debug|Any CPU.Build.0 = Debug|Any CPU
		{E643554A-B6D7-484B-B325-6B38E7A33919}.Debug|x64.ActiveCfg = Debug|Any CPU
		{E643554A-B6D7-484B-B325-6B38E7A33919}.Debug|x64.Build.0 = Debug|Any CPU
		{E643554A-B6D7-484B-B325-6B38E7A33919}.Debug|x86.ActiveCfg = Debug|Any CPU
		{E643554A-B6D7-484B-B325-6B38E7A33919}.Debug|x86.Build.0 = Debug|Any CPU
		{E643554A-B6D7-484B-B325-6B38E7A33919}.Release|Any CPU.ActiveCfg = Release|Any CPU
		{E643554A-B6D7-484B-B325-6B38E7A33919}.Release|Any CPU.Build.0 = Release|Any CPU
		{E643554A-B6D7-484B-B325-6B38E7A33919}.Release|x64.ActiveCfg = Release|Any CPU
		{E643554A-B6D7-484B-B325-6B38E7A33919}.Release|x64.Build.0 = Release|Any CPU
		{E643554A-B6D7-484B-B325-6B38E7A33919}.Release|x86.ActiveCfg = Release|Any CPU
		{E643554A-B6D7-484B-B325-6B38E7A33919}.Release|x86.Build.0 = Release|Any CPU
		{CB12572E-7C4F-418B-B8C9-AEC6810CA4C1}.Debug|Any CPU.ActiveCfg = Debug|Any CPU
		{CB12572E-7C4F-418B-B8C9-AEC6810CA4C1}.Debug|Any CPU.Build.0 = Debug|Any CPU
		{CB12572E-7C4F-418B-B8C9-AEC6810CA4C1}.Debug|x64.ActiveCfg = Debug|Any CPU
		{CB12572E-7C4F-418B-B8C9-AEC6810CA4C1}.Debug|x64.Build.0 = Debug|Any CPU
		{CB12572E-7C4F-418B-B8C9-AEC6810CA4C1}.Debug|x86.ActiveCfg = Debug|Any CPU
		{CB12572E-7C4F-418B-B8C9-AEC6810CA4C1}.Debug|x86.Build.0 = Debug|Any CPU
		{CB12572E-7C4F-418B-B8C9-AEC6810CA4C1}.Release|Any CPU.ActiveCfg = Release|Any CPU
		{CB12572E-7C4F-418B-B8C9-AEC6810CA4C1}.Release|Any CPU.Build.0 = Release|Any CPU
		{CB12572E-7C4F-418B-B8C9-AEC6810CA4C1}.Release|x64.ActiveCfg = Release|Any CPU
		{CB12572E-7C4F-418B-B8C9-AEC6810CA4C1}.Release|x64.Build.0 = Release|Any CPU
		{CB12572E-7C4F-418B-B8C9-AEC6810CA4C1}.Release|x86.ActiveCfg = Release|Any CPU
		{CB12572E-7C4F-418B-B8C9-AEC6810CA4C1}.Release|x86.Build.0 = Release|Any CPU
		{985E6867-2C22-48B1-90C7-54B67AEC6307}.Debug|Any CPU.ActiveCfg = Debug|Any CPU
		{985E6867-2C22-48B1-90C7-54B67AEC6307}.Debug|Any CPU.Build.0 = Debug|Any CPU
		{985E6867-2C22-48B1-90C7-54B67AEC6307}.Debug|x64.ActiveCfg = Debug|Any CPU
		{985E6867-2C22-48B1-90C7-54B67AEC6307}.Debug|x64.Build.0 = Debug|Any CPU
		{985E6867-2C22-48B1-90C7-54B67AEC6307}.Debug|x86.ActiveCfg = Debug|Any CPU
		{985E6867-2C22-48B1-90C7-54B67AEC6307}.Debug|x86.Build.0 = Debug|Any CPU
		{985E6867-2C22-48B1-90C7-54B67AEC6307}.Release|Any CPU.ActiveCfg = Release|Any CPU
		{985E6867-2C22-48B1-90C7-54B67AEC6307}.Release|Any CPU.Build.0 = Release|Any CPU
		{985E6867-2C22-48B1-90C7-54B67AEC6307}.Release|x64.ActiveCfg = Release|Any CPU
		{985E6867-2C22-48B1-90C7-54B67AEC6307}.Release|x64.Build.0 = Release|Any CPU
		{985E6867-2C22-48B1-90C7-54B67AEC6307}.Release|x86.ActiveCfg = Release|Any CPU
		{985E6867-2C22-48B1-90C7-54B67AEC6307}.Release|x86.Build.0 = Release|Any CPU
	EndGlobalSection
EndGlobal
